// !$*UTF8*$!
{
	archiveVersion = 1;
	classes = {
	};
	objectVersion = 46;
	objects = {

/* Begin PBXBuildFile section */
		88C32AA51DB71410008EE949 /* main.m in Sources */ = {isa = PBXBuildFile; fileRef = 88C32AA41DB71410008EE949 /* main.m */; };
		88C32AA81DB71410008EE949 /* AppDelegate.m in Sources */ = {isa = PBXBuildFile; fileRef = 88C32AA71DB71410008EE949 /* AppDelegate.m */; };
		88C32AAB1DB71410008EE949 /* ViewController.m in Sources */ = {isa = PBXBuildFile; fileRef = 88C32AAA1DB71410008EE949 /* ViewController.m */; };
		88C32AAE1DB71410008EE949 /* Main.storyboard in Resources */ = {isa = PBXBuildFile; fileRef = 88C32AAC1DB71410008EE949 /* Main.storyboard */; };
		88C32AB01DB71410008EE949 /* Assets.xcassets in Resources */ = {isa = PBXBuildFile; fileRef = 88C32AAF1DB71410008EE949 /* Assets.xcassets */; };
		88C32AB31DB71410008EE949 /* LaunchScreen.storyboard in Resources */ = {isa = PBXBuildFile; fileRef = 88C32AB11DB71410008EE949 /* LaunchScreen.storyboard */; };
/* End PBXBuildFile section */

/* Begin PBXFileReference section */
		88C32AA01DB71410008EE949 /* iOSJsonTester.app */ = {isa = PBXFileReference; explicitFileType = wrapper.application; includeInIndex = 0; path = iOSJsonTester.app; sourceTree = BUILT_PRODUCTS_DIR; };
		88C32AA41DB71410008EE949 /* main.m */ = {isa = PBXFileReference; lastKnownFileType = sourcecode.c.objc; path = main.m; sourceTree = "<group>"; };
		88C32AA61DB71410008EE949 /* AppDelegate.h */ = {isa = PBXFileReference; lastKnownFileType = sourcecode.c.h; path = AppDelegate.h; sourceTree = "<group>"; };
		88C32AA71DB71410008EE949 /* AppDelegate.m */ = {isa = PBXFileReference; lastKnownFileType = sourcecode.c.objc; path = AppDelegate.m; sourceTree = "<group>"; };
		88C32AA91DB71410008EE949 /* ViewController.h */ = {isa = PBXFileReference; lastKnownFileType = sourcecode.c.h; path = ViewController.h; sourceTree = "<group>"; };
		88C32AAA1DB71410008EE949 /* ViewController.m */ = {isa = PBXFileReference; lastKnownFileType = sourcecode.c.objc; path = ViewController.m; sourceTree = "<group>"; };
		88C32AAD1DB71410008EE949 /* Base */ = {isa = PBXFileReference; lastKnownFileType = file.storyboard; name = Base; path = Base.lproj/Main.storyboard; sourceTree = "<group>"; };
		88C32AAF1DB71410008EE949 /* Assets.xcassets */ = {isa = PBXFileReference; lastKnownFileType = folder.assetcatalog; path = Assets.xcassets; sourceTree = "<group>"; };
		88C32AB21DB71410008EE949 /* Base */ = {isa = PBXFileReference; lastKnownFileType = file.storyboard; name = Base; path = Base.lproj/LaunchScreen.storyboard; sourceTree = "<group>"; };
		88C32AB41DB71410008EE949 /* Info.plist */ = {isa = PBXFileReference; lastKnownFileType = text.plist.xml; path = Info.plist; sourceTree = "<group>"; };
/* End PBXFileReference section */

/* Begin PBXFrameworksBuildPhase section */
		88C32A9D1DB71410008EE949 /* Frameworks */ = {
			isa = PBXFrameworksBuildPhase;
			buildActionMask = 2147483647;
			files = (
			);
			runOnlyForDeploymentPostprocessing = 0;
		};
/* End PBXFrameworksBuildPhase section */

/* Begin PBXGroup section */
		88C32A971DB7140F008EE949 = {
			isa = PBXGroup;
			children = (
				88C32AA21DB71410008EE949 /* iOSJsonTester */,
				88C32AA11DB71410008EE949 /* Products */,
			);
			sourceTree = "<group>";
		};
		88C32AA11DB71410008EE949 /* Products */ = {
			isa = PBXGroup;
			children = (
				88C32AA01DB71410008EE949 /* iOSJsonTester.app */,
			);
			name = Products;
			sourceTree = "<group>";
		};
		88C32AA21DB71410008EE949 /* iOSJsonTester */ = {
			isa = PBXGroup;
			children = (
				88C32AA61DB71410008EE949 /* AppDelegate.h */,
				88C32AA71DB71410008EE949 /* AppDelegate.m */,
				88C32AA91DB71410008EE949 /* ViewController.h */,
				88C32AAA1DB71410008EE949 /* ViewController.m */,
				88C32AAC1DB71410008EE949 /* Main.storyboard */,
				88C32AAF1DB71410008EE949 /* Assets.xcassets */,
				88C32AB11DB71410008EE949 /* LaunchScreen.storyboard */,
				88C32AB41DB71410008EE949 /* Info.plist */,
				88C32AA31DB71410008EE949 /* Supporting Files */,
			);
			path = iOSJsonTester;
			sourceTree = "<group>";
		};
		88C32AA31DB71410008EE949 /* Supporting Files */ = {
			isa = PBXGroup;
			children = (
				88C32AA41DB71410008EE949 /* main.m */,
			);
			name = "Supporting Files";
			sourceTree = "<group>";
		};
/* End PBXGroup section */

/* Begin PBXNativeTarget section */
		88C32A9F1DB71410008EE949 /* iOSJsonTester */ = {
			isa = PBXNativeTarget;
			buildConfigurationList = 88C32AB71DB71410008EE949 /* Build configuration list for PBXNativeTarget "iOSJsonTester" */;
			buildPhases = (
				88C32A9C1DB71410008EE949 /* Sources */,
				88C32A9D1DB71410008EE949 /* Frameworks */,
				88C32A9E1DB71410008EE949 /* Resources */,
			);
			buildRules = (
			);
			dependencies = (
			);
			name = iOSJsonTester;
			productName = iOSJsonTester;
			productReference = 88C32AA01DB71410008EE949 /* iOSJsonTester.app */;
			productType = "com.apple.product-type.application";
		};
/* End PBXNativeTarget section */

/* Begin PBXProject section */
		88C32A981DB7140F008EE949 /* Project object */ = {
			isa = PBXProject;
			attributes = {
				LastUpgradeCheck = 0800;
				ORGANIZATIONNAME = hushbox;
				TargetAttributes = {
					88C32A9F1DB71410008EE949 = {
						CreatedOnToolsVersion = 8.0;
						DevelopmentTeam = PW6A8Y96ZX;
						ProvisioningStyle = Automatic;
					};
				};
			};
			buildConfigurationList = 88C32A9B1DB7140F008EE949 /* Build configuration list for PBXProject "iOSJsonTester" */;
			compatibilityVersion = "Xcode 3.2";
			developmentRegion = English;
			hasScannedForEncodings = 0;
			knownRegions = (
				en,
				Base,
			);
			mainGroup = 88C32A971DB7140F008EE949;
			productRefGroup = 88C32AA11DB71410008EE949 /* Products */;
			projectDirPath = "";
			projectRoot = "";
			targets = (
				88C32A9F1DB71410008EE949 /* iOSJsonTester */,
			);
		};
/* End PBXProject section */

/* Begin PBXResourcesBuildPhase section */
		88C32A9E1DB71410008EE949 /* Resources */ = {
			isa = PBXResourcesBuildPhase;
			buildActionMask = 2147483647;
			files = (
				88C32AB31DB71410008EE949 /* LaunchScreen.storyboard in Resources */,
				88C32AB01DB71410008EE949 /* Assets.xcassets in Resources */,
				88C32AAE1DB71410008EE949 /* Main.storyboard in Resources */,
			);
			runOnlyForDeploymentPostprocessing = 0;
		};
/* End PBXResourcesBuildPhase section */

/* Begin PBXSourcesBuildPhase section */
		88C32A9C1DB71410008EE949 /* Sources */ = {
			isa = PBXSourcesBuildPhase;
			buildActionMask = 2147483647;
			files = (
				88C32AAB1DB71410008EE949 /* ViewController.m in Sources */,
				88C32AA81DB71410008EE949 /* AppDelegate.m in Sources */,
				88C32AA51DB71410008EE949 /* main.m in Sources */,
			);
			runOnlyForDeploymentPostprocessing = 0;
		};
/* End PBXSourcesBuildPhase section */

/* Begin PBXVariantGroup section */
		88C32AAC1DB71410008EE949 /* Main.storyboard */ = {
			isa = PBXVariantGroup;
			children = (
				88C32AAD1DB71410008EE949 /* Base */,
			);
			name = Main.storyboard;
			sourceTree = "<group>";
		};
		88C32AB11DB71410008EE949 /* LaunchScreen.storyboard */ = {
			isa = PBXVariantGroup;
			children = (
				88C32AB21DB71410008EE949 /* Base */,
			);
			name = LaunchScreen.storyboard;
			sourceTree = "<group>";
		};
/* End PBXVariantGroup section */

/* Begin XCBuildConfiguration section */
		88C32AB51DB71410008EE949 /* Debug */ = {
			isa = XCBuildConfiguration;
			buildSettings = {
				ALWAYS_SEARCH_USER_PATHS = NO;
				CLANG_ANALYZER_NONNULL = YES;
				CLANG_CXX_LANGUAGE_STANDARD = "gnu++0x";
				CLANG_CXX_LIBRARY = "libc++";
				CLANG_ENABLE_MODULES = YES;
				CLANG_ENABLE_OBJC_ARC = YES;
				CLANG_WARN_BOOL_CONVERSION = YES;
				CLANG_WARN_CONSTANT_CONVERSION = YES;
				CLANG_WARN_DIRECT_OBJC_ISA_USAGE = YES_ERROR;
				CLANG_WARN_DOCUMENTATION_COMMENTS = YES;
				CLANG_WARN_EMPTY_BODY = YES;
				CLANG_WARN_ENUM_CONVERSION = YES;
				CLANG_WARN_INFINITE_RECURSION = YES;
				CLANG_WARN_INT_CONVERSION = YES;
				CLANG_WARN_OBJC_ROOT_CLASS = YES_ERROR;
				CLANG_WARN_SUSPICIOUS_MOVES = YES;
				CLANG_WARN_UNREACHABLE_CODE = YES;
				CLANG_WARN__DUPLICATE_METHOD_MATCH = YES;
				"CODE_SIGN_IDENTITY[sdk=iphoneos*]" = "iPhone Developer";
				COPY_PHASE_STRIP = NO;
				DEBUG_INFORMATION_FORMAT = dwarf;
				ENABLE_STRICT_OBJC_MSGSEND = YES;
				ENABLE_TESTABILITY = YES;
				GCC_C_LANGUAGE_STANDARD = gnu99;
				GCC_DYNAMIC_NO_PIC = NO;
				GCC_NO_COMMON_BLOCKS = YES;
				GCC_OPTIMIZATION_LEVEL = 0;
				GCC_PREPROCESSOR_DEFINITIONS = (
					"DEBUG=1",
					"$(inherited)",
				);
				GCC_WARN_64_TO_32_BIT_CONVERSION = YES;
				GCC_WARN_ABOUT_RETURN_TYPE = YES_ERROR;
				GCC_WARN_UNDECLARED_SELECTOR = YES;
				GCC_WARN_UNINITIALIZED_AUTOS = YES_AGGRESSIVE;
				GCC_WARN_UNUSED_FUNCTION = YES;
				GCC_WARN_UNUSED_VARIABLE = YES;
				IPHONEOS_DEPLOYMENT_TARGET = 10.0;
				MTL_ENABLE_DEBUG_INFO = YES;
				ONLY_ACTIVE_ARCH = YES;
				SDKROOT = iphoneos;
				TARGETED_DEVICE_FAMILY = "1,2";
			};
			name = Debug;
		};
		88C32AB61DB71410008EE949 /* Release */ = {
			isa = XCBuildConfiguration;
			buildSettings = {
				ALWAYS_SEARCH_USER_PATHS = NO;
				CLANG_ANALYZER_NONNULL = YES;
				CLANG_CXX_LANGUAGE_STANDARD = "gnu++0x";
				CLANG_CXX_LIBRARY = "libc++";
				CLANG_ENABLE_MODULES = YES;
				CLANG_ENABLE_OBJC_ARC = YES;
				CLANG_WARN_BOOL_CONVERSION = YES;
				CLANG_WARN_CONSTANT_CONVERSION = YES;
				CLANG_WARN_DIRECT_OBJC_ISA_USAGE = YES_ERROR;
				CLANG_WARN_DOCUMENTATION_COMMENTS = YES;
				CLANG_WARN_EMPTY_BODY = YES;
				CLANG_WARN_ENUM_CONVERSION = YES;
				CLANG_WARN_INFINITE_RECURSION = YES;
				CLANG_WARN_INT_CONVERSION = YES;
				CLANG_WARN_OBJC_ROOT_CLASS = YES_ERROR;
				CLANG_WARN_SUSPICIOUS_MOVES = YES;
				CLANG_WARN_UNREACHABLE_CODE = YES;
				CLANG_WARN__DUPLICATE_METHOD_MATCH = YES;
				"CODE_SIGN_IDENTITY[sdk=iphoneos*]" = "iPhone Developer";
				COPY_PHASE_STRIP = NO;
				DEBUG_INFORMATION_FORMAT = "dwarf-with-dsym";
				ENABLE_NS_ASSERTIONS = NO;
				ENABLE_STRICT_OBJC_MSGSEND = YES;
				GCC_C_LANGUAGE_STANDARD = gnu99;
				GCC_NO_COMMON_BLOCKS = YES;
				GCC_WARN_64_TO_32_BIT_CONVERSION = YES;
				GCC_WARN_ABOUT_RETURN_TYPE = YES_ERROR;
				GCC_WARN_UNDECLARED_SELECTOR = YES;
				GCC_WARN_UNINITIALIZED_AUTOS = YES_AGGRESSIVE;
				GCC_WARN_UNUSED_FUNCTION = YES;
				GCC_WARN_UNUSED_VARIABLE = YES;
				IPHONEOS_DEPLOYMENT_TARGET = 10.0;
				MTL_ENABLE_DEBUG_INFO = NO;
				SDKROOT = iphoneos;
				TARGETED_DEVICE_FAMILY = "1,2";
				VALIDATE_PRODUCT = YES;
			};
			name = Release;
		};
		88C32AB81DB71410008EE949 /* Debug */ = {
			isa = XCBuildConfiguration;
			buildSettings = {
				ASSETCATALOG_COMPILER_APPICON_NAME = AppIcon;
				DEVELOPMENT_TEAM = PW6A8Y96ZX;
				INFOPLIST_FILE = iOSJsonTester/Info.plist;
				LD_RUNPATH_SEARCH_PATHS = "$(inherited) @executable_path/Frameworks";
				PRODUCT_BUNDLE_IDENTIFIER = com.hushbox.iOSJsonTester;
				PRODUCT_NAME = "$(TARGET_NAME)";
			};
			name = Debug;
		};
		88C32AB91DB71410008EE949 /* Release */ = {
			isa = XCBuildConfiguration;
			buildSettings = {
				ASSETCATALOG_COMPILER_APPICON_NAME = AppIcon;
				DEVELOPMENT_TEAM = PW6A8Y96ZX;
				INFOPLIST_FILE = iOSJsonTester/Info.plist;
				LD_RUNPATH_SEARCH_PATHS = "$(inherited) @executable_path/Frameworks";
				PRODUCT_BUNDLE_IDENTIFIER = com.hushbox.iOSJsonTester;
				PRODUCT_NAME = "$(TARGET_NAME)";
			};
			name = Release;
		};
/* End XCBuildConfiguration section */

/* Begin XCConfigurationList section */
		88C32A9B1DB7140F008EE949 /* Build configuration list for PBXProject "iOSJsonTester" */ = {
			isa = XCConfigurationList;
			buildConfigurations = (
				88C32AB51DB71410008EE949 /* Debug */,
				88C32AB61DB71410008EE949 /* Release */,
			);
			defaultConfigurationIsVisible = 0;
			defaultConfigurationName = Release;
		};
		88C32AB71DB71410008EE949 /* Build configuration list for PBXNativeTarget "iOSJsonTester" */ = {
			isa = XCConfigurationList;
			buildConfigurations = (
				88C32AB81DB71410008EE949 /* Debug */,
				88C32AB91DB71410008EE949 /* Release */,
			);
			defaultConfigurationIsVisible = 0;
		};
/* End XCConfigurationList section */
	};
	rootObject = 88C32A981DB7140F008EE949 /* Project object */;
}
